
Microsoft Visual Studio Solution File, Format Version 12.00
# Visual Studio Version 17
VisualStudioVersion = 17.5.002.0
MinimumVisualStudioVersion = 10.0.40219.1
Project("{9A19103F-16F7-4668-BE54-9A1E7A4F7556}") = "LCUltrawide", "src/LCUltrawide/LCUltrawide.csproj", "{5D10E5F1-7F71-4CEE-AE30-0EA3782AF168}"
EndProject
Global
	GlobalSection(SolutionConfigurationPlatforms) = preSolution
		Debug|Any CPU = Debug|Any CPU
		Release|Any CPU = Release|Any CPU
	EndGlobalSection
	GlobalSection(ProjectConfigurationPlatforms) = postSolution
		{5D10E5F1-7F71-4CEE-AE30-0EA3782AF168}.Debug|Any CPU.ActiveCfg = Debug|Any CPU
		{5D10E5F1-7F71-4CEE-AE30-0EA3782AF168}.Debug|Any CPU.Build.0 = Debug|Any CPU
		{5D10E5F1-7F71-4CEE-AE30-0EA3782AF168}.Release|Any CPU.ActiveCfg = Release|Any CPU
		{5D10E5F1-7F71-4CEE-AE30-0EA3782AF168}.Release|Any CPU.Build.0 = Release|Any CPU
	EndGlobalSection
	GlobalSection(SolutionProperties) = preSolution
		HideSolutionNode = FALSE
	EndGlobalSection
	GlobalSection(ExtensibilityGlobals) = postSolution
		SolutionGuid = {18009759-CACB-4940-8729-20371C435891}
	EndGlobalSection
EndGlobal
